
Microsoft Visual Studio Solution File, Format Version 12.00
# Visual Studio 15
VisualStudioVersion = 15.0.28306.52
MinimumVisualStudioVersion = 10.0.40219.1
Project("{9A19103F-16F7-4668-BE54-9A1E7A4F7556}") = "SpoolWatcherTests", "tests\SpoolWatcherTests\SpoolWatcherTests.csproj", "{9F7E27B9-CB59-4DC4-9761-F0E8ED1BA9B9}"
EndProject
Project("{9A19103F-16F7-4668-BE54-9A1E7A4F7556}") = "SpoolWatcher", "src\SpoolWatcher\SpoolWatcher.csproj", "{2C5669EF-A8B9-4066-B603-BEDD25F0DD71}"
EndProject
Global
	GlobalSection(SolutionConfigurationPlatforms) = preSolution
		Debug|Any CPU = Debug|Any CPU
		Release|Any CPU = Release|Any CPU
	EndGlobalSection
	GlobalSection(ProjectConfigurationPlatforms) = postSolution
		{9F7E27B9-CB59-4DC4-9761-F0E8ED1BA9B9}.Debug|Any CPU.ActiveCfg = Debug|Any CPU
		{9F7E27B9-CB59-4DC4-9761-F0E8ED1BA9B9}.Debug|Any CPU.Build.0 = Debug|Any CPU
		{9F7E27B9-CB59-4DC4-9761-F0E8ED1BA9B9}.Release|Any CPU.ActiveCfg = Release|Any CPU
		{9F7E27B9-CB59-4DC4-9761-F0E8ED1BA9B9}.Release|Any CPU.Build.0 = Release|Any CPU
		{2C5669EF-A8B9-4066-B603-BEDD25F0DD71}.Debug|Any CPU.ActiveCfg = Debug|Any CPU
		{2C5669EF-A8B9-4066-B603-BEDD25F0DD71}.Debug|Any CPU.Build.0 = Debug|Any CPU
		{2C5669EF-A8B9-4066-B603-BEDD25F0DD71}.Release|Any CPU.ActiveCfg = Release|Any CPU
		{2C5669EF-A8B9-4066-B603-BEDD25F0DD71}.Release|Any CPU.Build.0 = Release|Any CPU
	EndGlobalSection
	GlobalSection(SolutionProperties) = preSolution
		HideSolutionNode = FALSE
	EndGlobalSection
	GlobalSection(ExtensibilityGlobals) = postSolution
		SolutionGuid = {12B9BE99-4B88-48E2-9428-42A9F6405D1F}
	EndGlobalSection
EndGlobal
